{
  "name": "Gozu",
  "lockfileVersion": 3,
  "requires": true,
  "packages": {
    "": {
      "dependencies": {
        "buttplug": "^0.9.0"
      }
    },
    "node_modules/@tweenjs/tween.js": {
      "version": "17.6.0",
      "resolved": "https://registry.npmjs.org/@tweenjs/tween.js/-/tween.js-17.6.0.tgz",
      "integrity": "sha512-utSXj0WHi4qr/iyfFHGMJBaL+ixQ2N7BAmx1R5g8jBqykJfjBUQ0hKWwXf767hbALC3zOoOIofKYSDWu5n04JQ=="
    },
    "node_modules/ajv": {
      "version": "6.12.6",
      "resolved": "https://registry.npmjs.org/ajv/-/ajv-6.12.6.tgz",
      "integrity": "sha512-j3fVLgvTo527anyYyJOGTYJbG+vnnQYvE0m5mmkc1TK+nxAppkCLMIL0aZ4dblVCNoGShhm+kzE4ZUykBoMg4g==",
      "dependencies": {
        "fast-deep-equal": "^3.1.1",
        "fast-json-stable-stringify": "^2.0.0",
        "json-schema-traverse": "^0.4.1",
        "uri-js": "^4.2.2"
      },
      "funding": {
        "type": "github",
        "url": "https://github.com/sponsors/epoberezkin"
      }
    },
    "node_modules/buttplug": {
      "version": "0.9.0",
      "resolved": "https://registry.npmjs.org/buttplug/-/buttplug-0.9.0.tgz",
      "integrity": "sha512-fYrwQb5vVVp6jpxjbGsC6H00PZJLHr57S7ZIfJAQ+iLSgHDDrLBsiUwOYt1Q0ZLg4rq0ogoc6hotQ64ALSXtfg==",
      "dependencies": {
        "@tweenjs/tween.js": "^17.2.0",
        "ajv": "^6.6.1",
        "class-transformer": "^0.2.0",
        "jspanel4": "^4.4.0",
        "reflect-metadata": "^0.1.12"
      }
    },
    "node_modules/class-transformer": {
      "version": "0.2.3",
      "resolved": "https://registry.npmjs.org/class-transformer/-/class-transformer-0.2.3.tgz",
      "integrity": "sha512-qsP+0xoavpOlJHuYsQJsN58HXSl8Jvveo+T37rEvCEeRfMWoytAyR0Ua/YsFgpM6AZYZ/og2PJwArwzJl1aXtQ=="
    },
    "node_modules/fast-deep-equal": {
      "version": "3.1.3",
      "resolved": "https://registry.npmjs.org/fast-deep-equal/-/fast-deep-equal-3.1.3.tgz",
      "integrity": "sha512-f3qQ9oQy9j2AhBe/H9VC91wLmKBCCU/gDOnKNAYG5hswO7BLKj09Hc5HYNz9cGI++xlpDCIgDaitVs03ATR84Q=="
    },
    "node_modules/fast-json-stable-stringify": {
      "version": "2.1.0",
      "resolved": "https://registry.npmjs.org/fast-json-stable-stringify/-/fast-json-stable-stringify-2.1.0.tgz",
      "integrity": "sha512-lhd/wF+Lk98HZoTCtlVraHtfh5XYijIjalXck7saUtuanSDyLMxnHhSXEDJqHxD7msR8D0uCmqlkwjCV8xvwHw=="
    },
    "node_modules/json-schema-traverse": {
      "version": "0.4.1",
      "resolved": "https://registry.npmjs.org/json-schema-traverse/-/json-schema-traverse-0.4.1.tgz",
      "integrity": "sha512-xbbCH5dCYU5T8LcEhhuh7HJ88HXuW3qsI3Y0zOZFKfZEHcpWiHU/Jxzk629Brsab/mMiHQti9wMP+845RPe3Vg=="
    },
    "node_modules/jspanel4": {
      "version": "4.16.1",
      "resolved": "https://registry.npmjs.org/jspanel4/-/jspanel4-4.16.1.tgz",
      "integrity": "sha512-j6Vb565tSK9pOXBN0NgORjhOKKAzsO/1VbGyz1jv7anb9gtdSwUIX6IKXTtyRd/gU9kQv3TFhYRfto5yLvGLbA=="
    },
    "node_modules/punycode": {
      "version": "2.3.1",
      "resolved": "https://registry.npmjs.org/punycode/-/punycode-2.3.1.tgz",
      "integrity": "sha512-vYt7UD1U9Wg6138shLtLOvdAu+8DsC/ilFtEVHcH+wydcSpNE20AfSOduf6MkRFahL5FY7X1oU7nKVZFtfq8Fg==",
      "engines": {
        "node": ">=6"
      }
    },
    "node_modules/reflect-metadata": {
      "version": "0.1.14",
      "resolved": "https://registry.npmjs.org/reflect-metadata/-/reflect-metadata-0.1.14.tgz",
      "integrity": "sha512-ZhYeb6nRaXCfhnndflDK8qI6ZQ/YcWZCISRAWICW9XYqMUwjZM9Z0DveWX/ABN01oxSHwVxKQmxeYZSsm0jh5A=="
    },
    "node_modules/uri-js": {
      "version": "4.4.1",
      "resolved": "https://registry.npmjs.org/uri-js/-/uri-js-4.4.1.tgz",
      "integrity": "sha512-7rKUyy33Q1yc98pQ1DAmLtwX109F7TIfWlW1Ydo8Wl1ii1SeHieeh0HHfPeL2fMXK6z0s8ecKs9frCuLJvndBg==",
      "dependencies": {
        "punycode": "^2.1.0"
      }
    }
  }
}
